{
  "meteor": {},
  "dependencies": {
    "basePackages": {
      "accounts-guest": {},
      "user-status": {},
      "accounts-testing": {},
      "fontawesome4": {},
      "iron-router": {},
      "bootstrap-3": {},
      "fast-render": {},
      "jquery-titlealert": {}
    },
    "packages": {
      "accounts-guest": {
        "git": "https://github.com/artwells/meteor-accounts-guest.git",
        "tag": "v0.0.6",
        "commit": "f40bcf1f9e5999c70ab81a4f1e7a39f3ce78aa57"
      },
      "user-status": {
        "git": "https://github.com/mizzao/meteor-user-status.git",
        "tag": "v0.5.0",
        "commit": "6a096fd9f3a916887c92cb778040ce2f8a9cc554"
      },
      "accounts-testing": {
        "git": "https://github.com/mizzao/meteor-accounts-testing.git",
        "tag": "v0.1.0",
        "commit": "9dc6839693aced99e11ad66f05851a3cac718d26"
      },
      "fontawesome4": {
        "git": "https://github.com/chrismbeckett/meteor-fontawesome4.git",
        "tag": "v1.1.0",
        "commit": "7d2cb9119b7981b8f854b7051d302d4842311249"
      },
      "iron-router": {
        "git": "https://github.com/EventedMind/iron-router.git",
        "tag": "v0.7.1",
        "commit": "d1ffb3f06ea4c112132b030f2eb1a70b81675ecb"
      },
      "bootstrap-3": {
        "git": "https://github.com/mangasocial/meteor-bootstrap-3.git",
        "tag": "v3.2.0-1",
        "commit": "17a63902fc6cf1096c5289d963c66cf28b474727"
      },
      "fast-render": {
        "git": "https://github.com/arunoda/meteor-fast-render.git",
        "tag": "v0.2.8",
        "commit": "149984b1aff3a5642a270aff9bd9006872c8302e"
      },
      "jquery-titlealert": {
        "git": "https://github.com/mjnovice/jquery-titlealert.git",
        "tag": "v0.0.2",
        "commit": "b258f2d34d8e8d3b1040414f81e9bc7b7be9bca1"
      },
      "timesync": {
        "git": "https://github.com/mizzao/meteor-timesync.git",
        "tag": "v0.2.1",
        "commit": "fa4abd511f4e32a3c5d22795ce2c1e8369428fac"
      },
      "blaze-layout": {
        "git": "https://github.com/EventedMind/blaze-layout.git",
        "tag": "v0.2.4",
        "commit": "b40e9b0612329288d75cf52ad14a7da64bb8618f"
      }
    }
  }
}
